
Microsoft Visual Studio Solution File, Format Version 12.00
# Visual Studio Version 16
VisualStudioVersion = 16.0.29905.134
MinimumVisualStudioVersion = 10.0.40219.1
Project("{FAE04EC0-301F-11D3-BF4B-00C04F79EFBC}") = "visitorPattern", "visitorPattern\visitorPattern.csproj", "{F37AFF7D-5DFD-4C46-997D-71BFD4975E4B}"
EndProject
Global
	GlobalSection(SolutionConfigurationPlatforms) = preSolution
		Debug|Any CPU = Debug|Any CPU
		Release|Any CPU = Release|Any CPU
	EndGlobalSection
	GlobalSection(ProjectConfigurationPlatforms) = postSolution
		{F37AFF7D-5DFD-4C46-997D-71BFD4975E4B}.Debug|Any CPU.ActiveCfg = Debug|Any CPU
		{F37AFF7D-5DFD-4C46-997D-71BFD4975E4B}.Debug|Any CPU.Build.0 = Debug|Any CPU
		{F37AFF7D-5DFD-4C46-997D-71BFD4975E4B}.Release|Any CPU.ActiveCfg = Release|Any CPU
		{F37AFF7D-5DFD-4C46-997D-71BFD4975E4B}.Release|Any CPU.Build.0 = Release|Any CPU
	EndGlobalSection
	GlobalSection(SolutionProperties) = preSolution
		HideSolutionNode = FALSE
	EndGlobalSection
	GlobalSection(ExtensibilityGlobals) = postSolution
		SolutionGuid = {6E5E4091-B1DE-420A-B290-777EED654425}
	EndGlobalSection
EndGlobal
