
Microsoft Visual Studio Solution File, Format Version 12.00
# Visual Studio Version 16
VisualStudioVersion = 16.0.29905.134
MinimumVisualStudioVersion = 10.0.40219.1
Project("{FAE04EC0-301F-11D3-BF4B-00C04F79EFBC}") = "Prototype", "Prototype\Prototype.csproj", "{ABF846E3-89F8-4BB7-A851-8607BC0B9965}"
EndProject
Global
	GlobalSection(SolutionConfigurationPlatforms) = preSolution
		Debug|Any CPU = Debug|Any CPU
		Release|Any CPU = Release|Any CPU
	EndGlobalSection
	GlobalSection(ProjectConfigurationPlatforms) = postSolution
		{ABF846E3-89F8-4BB7-A851-8607BC0B9965}.Debug|Any CPU.ActiveCfg = Debug|Any CPU
		{ABF846E3-89F8-4BB7-A851-8607BC0B9965}.Debug|Any CPU.Build.0 = Debug|Any CPU
		{ABF846E3-89F8-4BB7-A851-8607BC0B9965}.Release|Any CPU.ActiveCfg = Release|Any CPU
		{ABF846E3-89F8-4BB7-A851-8607BC0B9965}.Release|Any CPU.Build.0 = Release|Any CPU
	EndGlobalSection
	GlobalSection(SolutionProperties) = preSolution
		HideSolutionNode = FALSE
	EndGlobalSection
	GlobalSection(ExtensibilityGlobals) = postSolution
		SolutionGuid = {FAA64A2C-906F-4DFF-86DC-B3EFC359F911}
	EndGlobalSection
EndGlobal
