
Microsoft Visual Studio Solution File, Format Version 12.00
# Visual Studio Version 16
VisualStudioVersion = 16.0.29905.134
MinimumVisualStudioVersion = 10.0.40219.1
Project("{FAE04EC0-301F-11D3-BF4B-00C04F79EFBC}") = "ComputerBuilder", "ComputerBuilder\ComputerBuilder.csproj", "{1739BF7F-8001-4606-849D-3A6C678AF714}"
EndProject
Global
	GlobalSection(SolutionConfigurationPlatforms) = preSolution
		Debug|Any CPU = Debug|Any CPU
		Release|Any CPU = Release|Any CPU
	EndGlobalSection
	GlobalSection(ProjectConfigurationPlatforms) = postSolution
		{1739BF7F-8001-4606-849D-3A6C678AF714}.Debug|Any CPU.ActiveCfg = Debug|Any CPU
		{1739BF7F-8001-4606-849D-3A6C678AF714}.Debug|Any CPU.Build.0 = Debug|Any CPU
		{1739BF7F-8001-4606-849D-3A6C678AF714}.Release|Any CPU.ActiveCfg = Release|Any CPU
		{1739BF7F-8001-4606-849D-3A6C678AF714}.Release|Any CPU.Build.0 = Release|Any CPU
	EndGlobalSection
	GlobalSection(SolutionProperties) = preSolution
		HideSolutionNode = FALSE
	EndGlobalSection
	GlobalSection(ExtensibilityGlobals) = postSolution
		SolutionGuid = {DEF1F5BA-ABDE-452C-803C-556EBF962F75}
	EndGlobalSection
EndGlobal
